// !$*UTF8*$!
{
	archiveVersion = 1;
	classes = {
	};
	objectVersion = 50;
	objects = {

/* Begin PBXBuildFile section */
		573CC875234B3B09003F1F63 /* AppDelegate.swift in Sources */ = {isa = PBXBuildFile; fileRef = 573CC874234B3B09003F1F63 /* AppDelegate.swift */; };
		573CC877234B3B09003F1F63 /* SceneDelegate.swift in Sources */ = {isa = PBXBuildFile; fileRef = 573CC876234B3B09003F1F63 /* SceneDelegate.swift */; };
		573CC879234B3B09003F1F63 /* ViewController.swift in Sources */ = {isa = PBXBuildFile; fileRef = 573CC878234B3B09003F1F63 /* ViewController.swift */; };
		573CC87C234B3B09003F1F63 /* Main.storyboard in Resources */ = {isa = PBXBuildFile; fileRef = 573CC87A234B3B09003F1F63 /* Main.storyboard */; };
		573CC87F234B3B09003F1F63 /* HitList.xcdatamodeld in Sources */ = {isa = PBXBuildFile; fileRef = 573CC87D234B3B09003F1F63 /* HitList.xcdatamodeld */; };
		573CC881234B3B09003F1F63 /* Assets.xcassets in Resources */ = {isa = PBXBuildFile; fileRef = 573CC880234B3B09003F1F63 /* Assets.xcassets */; };
		573CC884234B3B09003F1F63 /* LaunchScreen.storyboard in Resources */ = {isa = PBXBuildFile; fileRef = 573CC882234B3B09003F1F63 /* LaunchScreen.storyboard */; };
/* End PBXBuildFile section */

/* Begin PBXFileReference section */
		573CC871234B3B09003F1F63 /* HitList.app */ = {isa = PBXFileReference; explicitFileType = wrapper.application; includeInIndex = 0; path = HitList.app; sourceTree = BUILT_PRODUCTS_DIR; };
		573CC874234B3B09003F1F63 /* AppDelegate.swift */ = {isa = PBXFileReference; lastKnownFileType = sourcecode.swift; path = AppDelegate.swift; sourceTree = "<group>"; };
		573CC876234B3B09003F1F63 /* SceneDelegate.swift */ = {isa = PBXFileReference; lastKnownFileType = sourcecode.swift; path = SceneDelegate.swift; sourceTree = "<group>"; };
		573CC878234B3B09003F1F63 /* ViewController.swift */ = {isa = PBXFileReference; lastKnownFileType = sourcecode.swift; path = ViewController.swift; sourceTree = "<group>"; };
		573CC87B234B3B09003F1F63 /* Base */ = {isa = PBXFileReference; lastKnownFileType = file.storyboard; name = Base; path = Base.lproj/Main.storyboard; sourceTree = "<group>"; };
		573CC87E234B3B09003F1F63 /* HitList.xcdatamodel */ = {isa = PBXFileReference; lastKnownFileType = wrapper.xcdatamodel; path = HitList.xcdatamodel; sourceTree = "<group>"; };
		573CC880234B3B09003F1F63 /* Assets.xcassets */ = {isa = PBXFileReference; lastKnownFileType = folder.assetcatalog; path = Assets.xcassets; sourceTree = "<group>"; };
		573CC883234B3B09003F1F63 /* Base */ = {isa = PBXFileReference; lastKnownFileType = file.storyboard; name = Base; path = Base.lproj/LaunchScreen.storyboard; sourceTree = "<group>"; };
		573CC885234B3B09003F1F63 /* Info.plist */ = {isa = PBXFileReference; lastKnownFileType = text.plist.xml; path = Info.plist; sourceTree = "<group>"; };
/* End PBXFileReference section */

/* Begin PBXFrameworksBuildPhase section */
		573CC86E234B3B09003F1F63 /* Frameworks */ = {
			isa = PBXFrameworksBuildPhase;
			buildActionMask = 2147483647;
			files = (
			);
			runOnlyForDeploymentPostprocessing = 0;
		};
/* End PBXFrameworksBuildPhase section */

/* Begin PBXGroup section */
		573CC868234B3B09003F1F63 = {
			isa = PBXGroup;
			children = (
				573CC873234B3B09003F1F63 /* HitList */,
				573CC872234B3B09003F1F63 /* Products */,
			);
			sourceTree = "<group>";
		};
		573CC872234B3B09003F1F63 /* Products */ = {
			isa = PBXGroup;
			children = (
				573CC871234B3B09003F1F63 /* HitList.app */,
			);
			name = Products;
			sourceTree = "<group>";
		};
		573CC873234B3B09003F1F63 /* HitList */ = {
			isa = PBXGroup;
			children = (
				573CC88F234B3CDB003F1F63 /* View */,
				573CC88E234B3CD2003F1F63 /* Controllers */,
				573CC88D234B3CB5003F1F63 /* Property Lists */,
				573CC88C234B3CA1003F1F63 /* Resources */,
				573CC88B234B3C8C003F1F63 /* Supporting Files */,
			);
			path = HitList;
			sourceTree = "<group>";
		};
		573CC88B234B3C8C003F1F63 /* Supporting Files */ = {
			isa = PBXGroup;
			children = (
				573CC874234B3B09003F1F63 /* AppDelegate.swift */,
				573CC876234B3B09003F1F63 /* SceneDelegate.swift */,
				573CC882234B3B09003F1F63 /* LaunchScreen.storyboard */,
			);
			path = "Supporting Files";
			sourceTree = "<group>";
		};
		573CC88C234B3CA1003F1F63 /* Resources */ = {
			isa = PBXGroup;
			children = (
				573CC880234B3B09003F1F63 /* Assets.xcassets */,
			);
			path = Resources;
			sourceTree = "<group>";
		};
		573CC88D234B3CB5003F1F63 /* Property Lists */ = {
			isa = PBXGroup;
			children = (
				573CC885234B3B09003F1F63 /* Info.plist */,
				573CC87D234B3B09003F1F63 /* HitList.xcdatamodeld */,
			);
			path = "Property Lists";
			sourceTree = "<group>";
		};
		573CC88E234B3CD2003F1F63 /* Controllers */ = {
			isa = PBXGroup;
			children = (
				573CC878234B3B09003F1F63 /* ViewController.swift */,
			);
			path = Controllers;
			sourceTree = "<group>";
		};
		573CC88F234B3CDB003F1F63 /* View */ = {
			isa = PBXGroup;
			children = (
				573CC87A234B3B09003F1F63 /* Main.storyboard */,
			);
			path = View;
			sourceTree = "<group>";
		};
/* End PBXGroup section */

/* Begin PBXNativeTarget section */
		573CC870234B3B09003F1F63 /* HitList */ = {
			isa = PBXNativeTarget;
			buildConfigurationList = 573CC888234B3B09003F1F63 /* Build configuration list for PBXNativeTarget "HitList" */;
			buildPhases = (
				573CC86D234B3B09003F1F63 /* Sources */,
				573CC86E234B3B09003F1F63 /* Frameworks */,
				573CC86F234B3B09003F1F63 /* Resources */,
			);
			buildRules = (
			);
			dependencies = (
			);
			name = HitList;
			productName = HitList;
			productReference = 573CC871234B3B09003F1F63 /* HitList.app */;
			productType = "com.apple.product-type.application";
		};
/* End PBXNativeTarget section */

/* Begin PBXProject section */
		573CC869234B3B09003F1F63 /* Project object */ = {
			isa = PBXProject;
			attributes = {
				LastSwiftUpdateCheck = 1100;
				LastUpgradeCheck = 1100;
				ORGANIZATIONNAME = "Muhammed Karakul";
				TargetAttributes = {
					573CC870234B3B09003F1F63 = {
						CreatedOnToolsVersion = 11.0;
					};
				};
			};
			buildConfigurationList = 573CC86C234B3B09003F1F63 /* Build configuration list for PBXProject "HitList" */;
			compatibilityVersion = "Xcode 9.3";
			developmentRegion = en;
			hasScannedForEncodings = 0;
			knownRegions = (
				en,
				Base,
			);
			mainGroup = 573CC868234B3B09003F1F63;
			productRefGroup = 573CC872234B3B09003F1F63 /* Products */;
			projectDirPath = "";
			projectRoot = "";
			targets = (
				573CC870234B3B09003F1F63 /* HitList */,
			);
		};
/* End PBXProject section */

/* Begin PBXResourcesBuildPhase section */
		573CC86F234B3B09003F1F63 /* Resources */ = {
			isa = PBXResourcesBuildPhase;
			buildActionMask = 2147483647;
			files = (
				573CC884234B3B09003F1F63 /* LaunchScreen.storyboard in Resources */,
				573CC881234B3B09003F1F63 /* Assets.xcassets in Resources */,
				573CC87C234B3B09003F1F63 /* Main.storyboard in Resources */,
			);
			runOnlyForDeploymentPostprocessing = 0;
		};
/* End PBXResourcesBuildPhase section */

/* Begin PBXSourcesBuildPhase section */
		573CC86D234B3B09003F1F63 /* Sources */ = {
			isa = PBXSourcesBuildPhase;
			buildActionMask = 2147483647;
			files = (
				573CC879234B3B09003F1F63 /* ViewController.swift in Sources */,
				573CC87F234B3B09003F1F63 /* HitList.xcdatamodeld in Sources */,
				573CC875234B3B09003F1F63 /* AppDelegate.swift in Sources */,
				573CC877234B3B09003F1F63 /* SceneDelegate.swift in Sources */,
			);
			runOnlyForDeploymentPostprocessing = 0;
		};
/* End PBXSourcesBuildPhase section */

/* Begin PBXVariantGroup section */
		573CC87A234B3B09003F1F63 /* Main.storyboard */ = {
			isa = PBXVariantGroup;
			children = (
				573CC87B234B3B09003F1F63 /* Base */,
			);
			name = Main.storyboard;
			sourceTree = "<group>";
		};
		573CC882234B3B09003F1F63 /* LaunchScreen.storyboard */ = {
			isa = PBXVariantGroup;
			children = (
				573CC883234B3B09003F1F63 /* Base */,
			);
			name = LaunchScreen.storyboard;
			sourceTree = "<group>";
		};
/* End PBXVariantGroup section */

/* Begin XCBuildConfiguration section */
		573CC886234B3B09003F1F63 /* Debug */ = {
			isa = XCBuildConfiguration;
			buildSettings = {
				ALWAYS_SEARCH_USER_PATHS = NO;
				CLANG_ANALYZER_NONNULL = YES;
				CLANG_ANALYZER_NUMBER_OBJECT_CONVERSION = YES_AGGRESSIVE;
				CLANG_CXX_LANGUAGE_STANDARD = "gnu++14";
				CLANG_CXX_LIBRARY = "libc++";
				CLANG_ENABLE_MODULES = YES;
				CLANG_ENABLE_OBJC_ARC = YES;
				CLANG_ENABLE_OBJC_WEAK = YES;
				CLANG_WARN_BLOCK_CAPTURE_AUTORELEASING = YES;
				CLANG_WARN_BOOL_CONVERSION = YES;
				CLANG_WARN_COMMA = YES;
				CLANG_WARN_CONSTANT_CONVERSION = YES;
				CLANG_WARN_DEPRECATED_OBJC_IMPLEMENTATIONS = YES;
				CLANG_WARN_DIRECT_OBJC_ISA_USAGE = YES_ERROR;
				CLANG_WARN_DOCUMENTATION_COMMENTS = YES;
				CLANG_WARN_EMPTY_BODY = YES;
				CLANG_WARN_ENUM_CONVERSION = YES;
				CLANG_WARN_INFINITE_RECURSION = YES;
				CLANG_WARN_INT_CONVERSION = YES;
				CLANG_WARN_NON_LITERAL_NULL_CONVERSION = YES;
				CLANG_WARN_OBJC_IMPLICIT_RETAIN_SELF = YES;
				CLANG_WARN_OBJC_LITERAL_CONVERSION = YES;
				CLANG_WARN_OBJC_ROOT_CLASS = YES_ERROR;
				CLANG_WARN_RANGE_LOOP_ANALYSIS = YES;
				CLANG_WARN_STRICT_PROTOTYPES = YES;
				CLANG_WARN_SUSPICIOUS_MOVE = YES;
				CLANG_WARN_UNGUARDED_AVAILABILITY = YES_AGGRESSIVE;
				CLANG_WARN_UNREACHABLE_CODE = YES;
				CLANG_WARN__DUPLICATE_METHOD_MATCH = YES;
				COPY_PHASE_STRIP = NO;
				DEBUG_INFORMATION_FORMAT = dwarf;
				ENABLE_STRICT_OBJC_MSGSEND = YES;
				ENABLE_TESTABILITY = YES;
				GCC_C_LANGUAGE_STANDARD = gnu11;
				GCC_DYNAMIC_NO_PIC = NO;
				GCC_NO_COMMON_BLOCKS = YES;
				GCC_OPTIMIZATION_LEVEL = 0;
				GCC_PREPROCESSOR_DEFINITIONS = (
					"DEBUG=1",
					"$(inherited)",
				);
				GCC_WARN_64_TO_32_BIT_CONVERSION = YES;
				GCC_WARN_ABOUT_RETURN_TYPE = YES_ERROR;
				GCC_WARN_UNDECLARED_SELECTOR = YES;
				GCC_WARN_UNINITIALIZED_AUTOS = YES_AGGRESSIVE;
				GCC_WARN_UNUSED_FUNCTION = YES;
				GCC_WARN_UNUSED_VARIABLE = YES;
				IPHONEOS_DEPLOYMENT_TARGET = 13.0;
				MTL_ENABLE_DEBUG_INFO = INCLUDE_SOURCE;
				MTL_FAST_MATH = YES;
				ONLY_ACTIVE_ARCH = YES;
				SDKROOT = iphoneos;
				SWIFT_ACTIVE_COMPILATION_CONDITIONS = DEBUG;
				SWIFT_OPTIMIZATION_LEVEL = "-Onone";
			};
			name = Debug;
		};
		573CC887234B3B09003F1F63 /* Release */ = {
			isa = XCBuildConfiguration;
			buildSettings = {
				ALWAYS_SEARCH_USER_PATHS = NO;
				CLANG_ANALYZER_NONNULL = YES;
				CLANG_ANALYZER_NUMBER_OBJECT_CONVERSION = YES_AGGRESSIVE;
				CLANG_CXX_LANGUAGE_STANDARD = "gnu++14";
				CLANG_CXX_LIBRARY = "libc++";
				CLANG_ENABLE_MODULES = YES;
				CLANG_ENABLE_OBJC_ARC = YES;
				CLANG_ENABLE_OBJC_WEAK = YES;
				CLANG_WARN_BLOCK_CAPTURE_AUTORELEASING = YES;
				CLANG_WARN_BOOL_CONVERSION = YES;
				CLANG_WARN_COMMA = YES;
				CLANG_WARN_CONSTANT_CONVERSION = YES;
				CLANG_WARN_DEPRECATED_OBJC_IMPLEMENTATIONS = YES;
				CLANG_WARN_DIRECT_OBJC_ISA_USAGE = YES_ERROR;
				CLANG_WARN_DOCUMENTATION_COMMENTS = YES;
				CLANG_WARN_EMPTY_BODY = YES;
				CLANG_WARN_ENUM_CONVERSION = YES;
				CLANG_WARN_INFINITE_RECURSION = YES;
				CLANG_WARN_INT_CONVERSION = YES;
				CLANG_WARN_NON_LITERAL_NULL_CONVERSION = YES;
				CLANG_WARN_OBJC_IMPLICIT_RETAIN_SELF = YES;
				CLANG_WARN_OBJC_LITERAL_CONVERSION = YES;
				CLANG_WARN_OBJC_ROOT_CLASS = YES_ERROR;
				CLANG_WARN_RANGE_LOOP_ANALYSIS = YES;
				CLANG_WARN_STRICT_PROTOTYPES = YES;
				CLANG_WARN_SUSPICIOUS_MOVE = YES;
				CLANG_WARN_UNGUARDED_AVAILABILITY = YES_AGGRESSIVE;
				CLANG_WARN_UNREACHABLE_CODE = YES;
				CLANG_WARN__DUPLICATE_METHOD_MATCH = YES;
				COPY_PHASE_STRIP = NO;
				DEBUG_INFORMATION_FORMAT = "dwarf-with-dsym";
				ENABLE_NS_ASSERTIONS = NO;
				ENABLE_STRICT_OBJC_MSGSEND = YES;
				GCC_C_LANGUAGE_STANDARD = gnu11;
				GCC_NO_COMMON_BLOCKS = YES;
				GCC_WARN_64_TO_32_BIT_CONVERSION = YES;
				GCC_WARN_ABOUT_RETURN_TYPE = YES_ERROR;
				GCC_WARN_UNDECLARED_SELECTOR = YES;
				GCC_WARN_UNINITIALIZED_AUTOS = YES_AGGRESSIVE;
				GCC_WARN_UNUSED_FUNCTION = YES;
				GCC_WARN_UNUSED_VARIABLE = YES;
				IPHONEOS_DEPLOYMENT_TARGET = 13.0;
				MTL_ENABLE_DEBUG_INFO = NO;
				MTL_FAST_MATH = YES;
				SDKROOT = iphoneos;
				SWIFT_COMPILATION_MODE = wholemodule;
				SWIFT_OPTIMIZATION_LEVEL = "-O";
				VALIDATE_PRODUCT = YES;
			};
			name = Release;
		};
		573CC889234B3B09003F1F63 /* Debug */ = {
			isa = XCBuildConfiguration;
			buildSettings = {
				ASSETCATALOG_COMPILER_APPICON_NAME = AppIcon;
				CODE_SIGN_STYLE = Automatic;
				DEVELOPMENT_TEAM = P3PB4F7F3W;
				INFOPLIST_FILE = "$(SRCROOT)/HitList/Property Lists/Info.plist";
				LD_RUNPATH_SEARCH_PATHS = (
					"$(inherited)",
					"@executable_path/Frameworks",
				);
				PRODUCT_BUNDLE_IDENTIFIER = com.muhammedkarakul.HitList;
				PRODUCT_NAME = "$(TARGET_NAME)";
				SWIFT_VERSION = 5.0;
				TARGETED_DEVICE_FAMILY = "1,2";
			};
			name = Debug;
		};
		573CC88A234B3B09003F1F63 /* Release */ = {
			isa = XCBuildConfiguration;
			buildSettings = {
				ASSETCATALOG_COMPILER_APPICON_NAME = AppIcon;
				CODE_SIGN_STYLE = Automatic;
				DEVELOPMENT_TEAM = P3PB4F7F3W;
				INFOPLIST_FILE = "$(SRCROOT)/HitList/Property Lists/Info.plist";
				LD_RUNPATH_SEARCH_PATHS = (
					"$(inherited)",
					"@executable_path/Frameworks",
				);
				PRODUCT_BUNDLE_IDENTIFIER = com.muhammedkarakul.HitList;
				PRODUCT_NAME = "$(TARGET_NAME)";
				SWIFT_VERSION = 5.0;
				TARGETED_DEVICE_FAMILY = "1,2";
			};
			name = Release;
		};
/* End XCBuildConfiguration section */

/* Begin XCConfigurationList section */
		573CC86C234B3B09003F1F63 /* Build configuration list for PBXProject "HitList" */ = {
			isa = XCConfigurationList;
			buildConfigurations = (
				573CC886234B3B09003F1F63 /* Debug */,
				573CC887234B3B09003F1F63 /* Release */,
			);
			defaultConfigurationIsVisible = 0;
			defaultConfigurationName = Release;
		};
		573CC888234B3B09003F1F63 /* Build configuration list for PBXNativeTarget "HitList" */ = {
			isa = XCConfigurationList;
			buildConfigurations = (
				573CC889234B3B09003F1F63 /* Debug */,
				573CC88A234B3B09003F1F63 /* Release */,
			);
			defaultConfigurationIsVisible = 0;
			defaultConfigurationName = Release;
		};
/* End XCConfigurationList section */

/* Begin XCVersionGroup section */
		573CC87D234B3B09003F1F63 /* HitList.xcdatamodeld */ = {
			isa = XCVersionGroup;
			children = (
				573CC87E234B3B09003F1F63 /* HitList.xcdatamodel */,
			);
			currentVersion = 573CC87E234B3B09003F1F63 /* HitList.xcdatamodel */;
			path = HitList.xcdatamodeld;
			sourceTree = "<group>";
			versionGroupType = wrapper.xcdatamodel;
		};
/* End XCVersionGroup section */
	};
	rootObject = 573CC869234B3B09003F1F63 /* Project object */;
}
